
Microsoft Visual Studio Solution File, Format Version 12.00
# Visual Studio 14
VisualStudioVersion = 14.0.25420.1
MinimumVisualStudioVersion = 10.0.40219.1
Project("{2150E333-8FDC-42A3-9474-1A3956D46DE8}") = "Library", "Library", "{8B7F44F5-8A7E-46EB-9439-A35B15E0F659}"
EndProject
Project("{2150E333-8FDC-42A3-9474-1A3956D46DE8}") = "WPF", "WPF", "{C6C28110-4680-4DD6-AE5A-133BA0A2F1FC}"
EndProject
Project("{FAE04EC0-301F-11D3-BF4B-00C04F79EFBC}") = "TimelineLib", "Library\WPF\TimelineLib\TimelineLib.csproj", "{37FA3298-A08A-45A3-BEE4-151BF3A2DE90}"
EndProject
Project("{2150E333-8FDC-42A3-9474-1A3956D46DE8}") = "Examples", "Examples", "{42678EF8-194B-4D72-A129-72FC4C06B75D}"
EndProject
Project("{2150E333-8FDC-42A3-9474-1A3956D46DE8}") = "WPF", "WPF", "{C4C3170F-C72F-48AF-B08B-12B57A147DE7}"
EndProject
Project("{FAE04EC0-301F-11D3-BF4B-00C04F79EFBC}") = "WpfTimelineExample", "Examples\WPF\WpfTimelineExample\WpfTimelineExample.csproj", "{AF019A83-EC77-4DA2-A692-6ECBEDE41919}"
EndProject
Project("{FAE04EC0-301F-11D3-BF4B-00C04F79EFBC}") = "TimelineExLib", "Library\WPF\TimelineExLib\TimelineExLib.csproj", "{F1761974-7578-4854-9A2A-A37DDC89CBD2}"
EndProject
Project("{FAE04EC0-301F-11D3-BF4B-00C04F79EFBC}") = "WpfTimelineExExample", "Examples\WPF\WpfTimelineExExample\WpfTimelineExExample.csproj", "{58B5DA41-5983-4FB1-B3D3-4832C5F2EC33}"
EndProject
Project("{FAE04EC0-301F-11D3-BF4B-00C04F79EFBC}") = "WPFTimelineToggleBands", "Examples\WPF\WPFTimelineToggleBands\WPFTimelineToggleBands.csproj", "{F6DD978E-1664-4FC1-A388-9AE047C72648}"
EndProject
Global
	GlobalSection(SolutionConfigurationPlatforms) = preSolution
		Debug|Any CPU = Debug|Any CPU
		Release|Any CPU = Release|Any CPU
	EndGlobalSection
	GlobalSection(ProjectConfigurationPlatforms) = postSolution
		{37FA3298-A08A-45A3-BEE4-151BF3A2DE90}.Debug|Any CPU.ActiveCfg = Debug|Any CPU
		{37FA3298-A08A-45A3-BEE4-151BF3A2DE90}.Debug|Any CPU.Build.0 = Debug|Any CPU
		{37FA3298-A08A-45A3-BEE4-151BF3A2DE90}.Release|Any CPU.ActiveCfg = Release|Any CPU
		{37FA3298-A08A-45A3-BEE4-151BF3A2DE90}.Release|Any CPU.Build.0 = Release|Any CPU
		{AF019A83-EC77-4DA2-A692-6ECBEDE41919}.Debug|Any CPU.ActiveCfg = Debug|Any CPU
		{AF019A83-EC77-4DA2-A692-6ECBEDE41919}.Debug|Any CPU.Build.0 = Debug|Any CPU
		{AF019A83-EC77-4DA2-A692-6ECBEDE41919}.Release|Any CPU.ActiveCfg = Release|Any CPU
		{AF019A83-EC77-4DA2-A692-6ECBEDE41919}.Release|Any CPU.Build.0 = Release|Any CPU
		{F1761974-7578-4854-9A2A-A37DDC89CBD2}.Debug|Any CPU.ActiveCfg = Debug|Any CPU
		{F1761974-7578-4854-9A2A-A37DDC89CBD2}.Debug|Any CPU.Build.0 = Debug|Any CPU
		{F1761974-7578-4854-9A2A-A37DDC89CBD2}.Release|Any CPU.ActiveCfg = Release|Any CPU
		{F1761974-7578-4854-9A2A-A37DDC89CBD2}.Release|Any CPU.Build.0 = Release|Any CPU
		{58B5DA41-5983-4FB1-B3D3-4832C5F2EC33}.Debug|Any CPU.ActiveCfg = Debug|Any CPU
		{58B5DA41-5983-4FB1-B3D3-4832C5F2EC33}.Debug|Any CPU.Build.0 = Debug|Any CPU
		{58B5DA41-5983-4FB1-B3D3-4832C5F2EC33}.Release|Any CPU.ActiveCfg = Release|Any CPU
		{58B5DA41-5983-4FB1-B3D3-4832C5F2EC33}.Release|Any CPU.Build.0 = Release|Any CPU
		{F6DD978E-1664-4FC1-A388-9AE047C72648}.Debug|Any CPU.ActiveCfg = Debug|Any CPU
		{F6DD978E-1664-4FC1-A388-9AE047C72648}.Debug|Any CPU.Build.0 = Debug|Any CPU
		{F6DD978E-1664-4FC1-A388-9AE047C72648}.Release|Any CPU.ActiveCfg = Release|Any CPU
		{F6DD978E-1664-4FC1-A388-9AE047C72648}.Release|Any CPU.Build.0 = Release|Any CPU
	EndGlobalSection
	GlobalSection(SolutionProperties) = preSolution
		HideSolutionNode = FALSE
	EndGlobalSection
	GlobalSection(NestedProjects) = preSolution
		{C6C28110-4680-4DD6-AE5A-133BA0A2F1FC} = {8B7F44F5-8A7E-46EB-9439-A35B15E0F659}
		{37FA3298-A08A-45A3-BEE4-151BF3A2DE90} = {C6C28110-4680-4DD6-AE5A-133BA0A2F1FC}
		{C4C3170F-C72F-48AF-B08B-12B57A147DE7} = {42678EF8-194B-4D72-A129-72FC4C06B75D}
		{AF019A83-EC77-4DA2-A692-6ECBEDE41919} = {C4C3170F-C72F-48AF-B08B-12B57A147DE7}
		{F1761974-7578-4854-9A2A-A37DDC89CBD2} = {C6C28110-4680-4DD6-AE5A-133BA0A2F1FC}
		{58B5DA41-5983-4FB1-B3D3-4832C5F2EC33} = {C4C3170F-C72F-48AF-B08B-12B57A147DE7}
		{F6DD978E-1664-4FC1-A388-9AE047C72648} = {C4C3170F-C72F-48AF-B08B-12B57A147DE7}
	EndGlobalSection
EndGlobal
